# THIS IS AN AUTOGENERATED FILE. DO NOT EDIT THIS FILE DIRECTLY.
# yarn lockfile v1


"@davidbwaters/eslint-config@^1.6.7":
  version "1.7.1"
  resolved "https://registry.yarnpkg.com/@davidbwaters/eslint-config/-/eslint-config-1.7.1.tgz#834442d9cdceebb3c032e218ad9e1067e20f31a0"
  integrity sha512-ggMdolLKzhMYfDg39JbJ+IG6vfJ1ZNlEnxqjm9Ldttuk+XGJALnla7Q/ZWcPC5XqushfxLuOxR5GaVKH2g4Knw==

"@davidbwaters/prettier-config@^1.1.1":
  version "1.2.3"
  resolved "https://registry.yarnpkg.com/@davidbwaters/prettier-config/-/prettier-config-1.2.3.tgz#ace1089d79ea48d6affd3da8e0c53452671939e3"
  integrity sha512-hpv7RtfOZARldf1y1DXAdctrrkpMdtfp/Kwv96oBmfjIIQe2Q3UOJO+35ejVQtns9w+WLMq7J9wokvLA61zjvA==
  dependencies:
    "@davidbwaters/eslint-config" "^1.6.7"

prettier@^2.0.5:
  version "2.2.1"
  resolved "https://registry.yarnpkg.com/prettier/-/prettier-2.2.1.tgz#795a1a78dd52f073da0cd42b21f9c91381923ff5"
  integrity sha512-PqyhM2yCjg/oKkFPtTGUojv7gnZAoG80ttl45O6x2Ug/rMJw4wcc9k6aaf2hibP7BGVCCM33gZoGjyvt9mm16Q==
